<?xml version="1.0" encoding="utf-8"?>
<Project ToolsVersion="4.0" xmlns="http://schemas.microsoft.com/developer/msbuild/2003">
  <ItemGroup>
    <ClCompile Include="CEnemy.cpp">
      <Filter>Source Files</Filter>
    </ClCompile>
    <ClCompile Include="CEntity.cpp">
      <Filter>Source Files</Filter>
    </ClCompile>
    <ClCompile Include="CGamemaster.cpp">
      <Filter>Source Files</Filter>
    </ClCompile>
    <ClCompile Include="CMap.cpp">
      <Filter>Source Files</Filter>
    </ClCompile>
    <ClCompile Include="CMapEntity.cpp">
      <Filter>Source Files</Filter>
    </ClCompile>
    <ClCompile Include="CNPC.cpp">
      <Filter>Source Files</Filter>
    </ClCompile>
    <ClCompile Include="Collider.cpp">
      <Filter>Source Files</Filter>
    </ClCompile>
    <ClCompile Include="CPlayer.cpp">
      <Filter>Source Files</Filter>
    </ClCompile>
    <ClCompile Include="CSavefile.cpp">
      <Filter>Source Files</Filter>
    </ClCompile>
    <ClCompile Include="IKGameLogic.cpp">
      <Filter>Source Files</Filter>
    </ClCompile>
    <ClCompile Include="IKMap.cpp">
      <Filter>Source Files</Filter>
    </ClCompile>
    <ClCompile Include="IKPlayer.cpp">
      <Filter>Source Files</Filter>
    </ClCompile>
    <ClCompile Include="IKRenderLayer.cpp">
      <Filter>Source Files</Filter>
    </ClCompile>
    <ClCompile Include="Quelle.cpp">
      <Filter>Source Files</Filter>
    </ClCompile>
    <ClCompile Include="CCoin.cpp">
      <Filter>Source Files</Filter>
    </ClCompile>
    <ClCompile Include="CJohn.cpp">
      <Filter>Source Files</Filter>
    </ClCompile>
    <ClCompile Include="CQuestTrigger.cpp">
      <Filter>Source Files</Filter>
    </ClCompile>
    <ClCompile Include="CBuch.cpp">
      <Filter>Source Files</Filter>
    </ClCompile>
    <ClCompile Include="Projectile.cpp">
      <Filter>Source Files</Filter>
    </ClCompile>
    <ClCompile Include="CKevin.cpp">
      <Filter>Source Files</Filter>
    </ClCompile>
    <ClCompile Include="IKVirus.cpp">
      <Filter>Source Files</Filter>
    </ClCompile>
  </ItemGroup>
  <ItemGroup>
    <ClInclude Include="Resources.h">
      <Filter>Header Files</Filter>
    </ClInclude>
    <ClInclude Include="CEnemy.h">
      <Filter>Header Files</Filter>
    </ClInclude>
    <ClInclude Include="CEntity.h">
      <Filter>Header Files</Filter>
    </ClInclude>
    <ClInclude Include="CGamemaster.h">
      <Filter>Header Files</Filter>
    </ClInclude>
    <ClInclude Include="CMap.h">
      <Filter>Header Files</Filter>
    </ClInclude>
    <ClInclude Include="CMapEntity.h">
      <Filter>Header Files</Filter>
    </ClInclude>
    <ClInclude Include="CNPC.h">
      <Filter>Header Files</Filter>
    </ClInclude>
    <ClInclude Include="Collider.h">
      <Filter>Header Files</Filter>
    </ClInclude>
    <ClInclude Include="CPlayer.h">
      <Filter>Header Files</Filter>
    </ClInclude>
    <ClInclude Include="CSavefile.h">
      <Filter>Header Files</Filter>
    </ClInclude>
    <ClInclude Include="IKGameLogic.h">
      <Filter>Header Files</Filter>
    </ClInclude>
    <ClInclude Include="IKMap.h">
      <Filter>Header Files</Filter>
    </ClInclude>
    <ClInclude Include="IKPlayer.h">
      <Filter>Header Files</Filter>
    </ClInclude>
    <ClInclude Include="IKRenderLayer.h">
      <Filter>Header Files</Filter>
    </ClInclude>
    <ClInclude Include="CCoin.h">
      <Filter>Header Files</Filter>
    </ClInclude>
    <ClInclude Include="CJohn.h">
      <Filter>Header Files</Filter>
    </ClInclude>
    <ClInclude Include="CQuestTrigger.h">
      <Filter>Header Files</Filter>
    </ClInclude>
    <ClInclude Include="CoordinateConversions.h">
      <Filter>Header Files</Filter>
    </ClInclude>
    <ClInclude Include="CBuch.h">
      <Filter>Header Files</Filter>
    </ClInclude>
    <ClInclude Include="Projectile.h">
      <Filter>Header Files</Filter>
    </ClInclude>
    <ClInclude Include="CKevin.h">
      <Filter>Header Files</Filter>
    </ClInclude>
    <ClInclude Include="IKVirus.h">
      <Filter>Header Files</Filter>
    </ClInclude>
  </ItemGroup>
  <ItemGroup>
    <Filter Include="Source Files">
      <UniqueIdentifier>{810572c1-e053-4f57-bd02-57d962622583}</UniqueIdentifier>
    </Filter>
    <Filter Include="Header Files">
      <UniqueIdentifier>{15ae97b7-c89e-4dde-86f0-6c85e6d9bdeb}</UniqueIdentifier>
    </Filter>
  </ItemGroup>
  <ItemGroup>
    <None Include="ClassDiagram.cd" />
  </ItemGroup>
</Project>